
Microsoft Visual Studio Solution File, Format Version 12.00
# Visual Studio Version 17
VisualStudioVersion = 17.2.32526.322
MinimumVisualStudioVersion = 10.0.40219.1
Project("{FAE04EC0-301F-11D3-BF4B-00C04F79EFBC}") = "Delegates", "Delegates\Delegates.csproj", "{807DFC06-A598-432A-A0F6-A9828F57F68C}"
EndProject
Global
	GlobalSection(SolutionConfigurationPlatforms) = preSolution
		Debug|Any CPU = Debug|Any CPU
		Release|Any CPU = Release|Any CPU
	EndGlobalSection
	GlobalSection(ProjectConfigurationPlatforms) = postSolution
		{807DFC06-A598-432A-A0F6-A9828F57F68C}.Debug|Any CPU.ActiveCfg = Debug|Any CPU
		{807DFC06-A598-432A-A0F6-A9828F57F68C}.Debug|Any CPU.Build.0 = Debug|Any CPU
		{807DFC06-A598-432A-A0F6-A9828F57F68C}.Release|Any CPU.ActiveCfg = Release|Any CPU
		{807DFC06-A598-432A-A0F6-A9828F57F68C}.Release|Any CPU.Build.0 = Release|Any CPU
	EndGlobalSection
	GlobalSection(SolutionProperties) = preSolution
		HideSolutionNode = FALSE
	EndGlobalSection
	GlobalSection(ExtensibilityGlobals) = postSolution
		SolutionGuid = {60E4C269-0C9C-4602-A413-31E8FE628BF7}
	EndGlobalSection
EndGlobal
